
Microsoft Visual Studio Solution File, Format Version 12.00
# Visual Studio 15
Project("{FAE04EC0-301F-11D3-BF4B-00C04F79EFBC}") = "The Donald Trumpets", "Assembly-CSharp.csproj", "{5D9273A0-64D6-952F-8762-00AF737A4428}"
EndProject
Project("{FAE04EC0-301F-11D3-BF4B-00C04F79EFBC}") = "The Donald Trumpets", "Assembly-CSharp-Editor.csproj", "{00255BA0-88B4-9574-8510-13528692D862}"
EndProject
Global
	GlobalSection(SolutionConfigurationPlatforms) = preSolution
		Debug|Any CPU = Debug|Any CPU
		Release|Any CPU = Release|Any CPU
	EndGlobalSection
	GlobalSection(ProjectConfigurationPlatforms) = postSolution
		{5D9273A0-64D6-952F-8762-00AF737A4428}.Debug|Any CPU.ActiveCfg = Debug|Any CPU
		{5D9273A0-64D6-952F-8762-00AF737A4428}.Debug|Any CPU.Build.0 = Debug|Any CPU
		{5D9273A0-64D6-952F-8762-00AF737A4428}.Release|Any CPU.ActiveCfg = Release|Any CPU
		{5D9273A0-64D6-952F-8762-00AF737A4428}.Release|Any CPU.Build.0 = Release|Any CPU
		{00255BA0-88B4-9574-8510-13528692D862}.Debug|Any CPU.ActiveCfg = Debug|Any CPU
		{00255BA0-88B4-9574-8510-13528692D862}.Debug|Any CPU.Build.0 = Debug|Any CPU
		{00255BA0-88B4-9574-8510-13528692D862}.Release|Any CPU.ActiveCfg = Release|Any CPU
		{00255BA0-88B4-9574-8510-13528692D862}.Release|Any CPU.Build.0 = Release|Any CPU
	EndGlobalSection
	GlobalSection(SolutionProperties) = preSolution
		HideSolutionNode = FALSE
	EndGlobalSection
EndGlobal
